
Microsoft Visual Studio Solution File, Format Version 12.00
# Visual Studio Version 17
VisualStudioVersion = 17.1.32407.343
MinimumVisualStudioVersion = 10.0.40219.1
Project("{FAE04EC0-301F-11D3-BF4B-00C04F79EFBC}") = "1", "FinalReviewQuestions\1.csproj", "{36708A05-1CDF-4D61-BCB4-9DF5B8905DE3}"
EndProject
Project("{FAE04EC0-301F-11D3-BF4B-00C04F79EFBC}") = "2", "2\2.csproj", "{B7AE9D22-9E43-4BCA-9B9E-7AAFD2341BCF}"
EndProject
Project("{FAE04EC0-301F-11D3-BF4B-00C04F79EFBC}") = "3", "3\3.csproj", "{5F912002-61E6-404A-A915-74204E9E3323}"
EndProject
Project("{FAE04EC0-301F-11D3-BF4B-00C04F79EFBC}") = "4", "4\4.csproj", "{F4877B92-CA90-4404-A171-F94CA97E27A6}"
EndProject
Project("{FAE04EC0-301F-11D3-BF4B-00C04F79EFBC}") = "5", "5\5.csproj", "{AD0268E8-6EC9-4A43-8384-4EB1EBB12759}"
EndProject
Project("{FAE04EC0-301F-11D3-BF4B-00C04F79EFBC}") = "6", "6\6.csproj", "{9DCDD61B-AD7C-4BA0-BA1B-BCF342C7C951}"
EndProject
Project("{FAE04EC0-301F-11D3-BF4B-00C04F79EFBC}") = "7", "7\7.csproj", "{CE6E562F-87E8-44CB-AB3A-A1A726522433}"
EndProject
Project("{FAE04EC0-301F-11D3-BF4B-00C04F79EFBC}") = "8", "8\8.csproj", "{EFEE13D3-975F-4031-BF97-23FACE015944}"
EndProject
Project("{FAE04EC0-301F-11D3-BF4B-00C04F79EFBC}") = "9", "9\9.csproj", "{F257C90D-8D79-462E-8348-05DF313F369D}"
EndProject
Project("{FAE04EC0-301F-11D3-BF4B-00C04F79EFBC}") = "10", "10\10.csproj", "{98186A3A-006C-4E24-BF01-3507B6007EFB}"
EndProject
Project("{FAE04EC0-301F-11D3-BF4B-00C04F79EFBC}") = "11", "11\11.csproj", "{24A5ECD1-0FC1-42D4-968A-2645F4F0A564}"
EndProject
Project("{FAE04EC0-301F-11D3-BF4B-00C04F79EFBC}") = "12", "12\12.csproj", "{15A14225-8FF1-4B9F-AE5B-2BCCC51BEB58}"
EndProject
Project("{FAE04EC0-301F-11D3-BF4B-00C04F79EFBC}") = "13", "13\13.csproj", "{1E8A3726-B863-4936-BF49-5D4C51C5A6A1}"
EndProject
Project("{FAE04EC0-301F-11D3-BF4B-00C04F79EFBC}") = "14", "14\14.csproj", "{CCC3F34A-AB5F-4908-87E1-557324D7F53C}"
EndProject
Project("{FAE04EC0-301F-11D3-BF4B-00C04F79EFBC}") = "15", "15\15.csproj", "{E95AE618-404D-46AC-A1FA-CB0EB8DF3501}"
EndProject
Project("{FAE04EC0-301F-11D3-BF4B-00C04F79EFBC}") = "18", "18\18.csproj", "{647924EA-8430-4DA2-B7E2-DBDDABFB0E0A}"
EndProject
Project("{FAE04EC0-301F-11D3-BF4B-00C04F79EFBC}") = "19", "19\19.csproj", "{5DDE8033-D877-4A2D-9C64-80FF85E8FF10}"
EndProject
Global
	GlobalSection(SolutionConfigurationPlatforms) = preSolution
		Debug|Any CPU = Debug|Any CPU
		Release|Any CPU = Release|Any CPU
	EndGlobalSection
	GlobalSection(ProjectConfigurationPlatforms) = postSolution
		{36708A05-1CDF-4D61-BCB4-9DF5B8905DE3}.Debug|Any CPU.ActiveCfg = Debug|Any CPU
		{36708A05-1CDF-4D61-BCB4-9DF5B8905DE3}.Debug|Any CPU.Build.0 = Debug|Any CPU
		{36708A05-1CDF-4D61-BCB4-9DF5B8905DE3}.Release|Any CPU.ActiveCfg = Release|Any CPU
		{36708A05-1CDF-4D61-BCB4-9DF5B8905DE3}.Release|Any CPU.Build.0 = Release|Any CPU
		{B7AE9D22-9E43-4BCA-9B9E-7AAFD2341BCF}.Debug|Any CPU.ActiveCfg = Debug|Any CPU
		{B7AE9D22-9E43-4BCA-9B9E-7AAFD2341BCF}.Debug|Any CPU.Build.0 = Debug|Any CPU
		{B7AE9D22-9E43-4BCA-9B9E-7AAFD2341BCF}.Release|Any CPU.ActiveCfg = Release|Any CPU
		{B7AE9D22-9E43-4BCA-9B9E-7AAFD2341BCF}.Release|Any CPU.Build.0 = Release|Any CPU
		{5F912002-61E6-404A-A915-74204E9E3323}.Debug|Any CPU.ActiveCfg = Debug|Any CPU
		{5F912002-61E6-404A-A915-74204E9E3323}.Debug|Any CPU.Build.0 = Debug|Any CPU
		{5F912002-61E6-404A-A915-74204E9E3323}.Release|Any CPU.ActiveCfg = Release|Any CPU
		{5F912002-61E6-404A-A915-74204E9E3323}.Release|Any CPU.Build.0 = Release|Any CPU
		{F4877B92-CA90-4404-A171-F94CA97E27A6}.Debug|Any CPU.ActiveCfg = Debug|Any CPU
		{F4877B92-CA90-4404-A171-F94CA97E27A6}.Debug|Any CPU.Build.0 = Debug|Any CPU
		{F4877B92-CA90-4404-A171-F94CA97E27A6}.Release|Any CPU.ActiveCfg = Release|Any CPU
		{F4877B92-CA90-4404-A171-F94CA97E27A6}.Release|Any CPU.Build.0 = Release|Any CPU
		{AD0268E8-6EC9-4A43-8384-4EB1EBB12759}.Debug|Any CPU.ActiveCfg = Debug|Any CPU
		{AD0268E8-6EC9-4A43-8384-4EB1EBB12759}.Debug|Any CPU.Build.0 = Debug|Any CPU
		{AD0268E8-6EC9-4A43-8384-4EB1EBB12759}.Release|Any CPU.ActiveCfg = Release|Any CPU
		{AD0268E8-6EC9-4A43-8384-4EB1EBB12759}.Release|Any CPU.Build.0 = Release|Any CPU
		{9DCDD61B-AD7C-4BA0-BA1B-BCF342C7C951}.Debug|Any CPU.ActiveCfg = Debug|Any CPU
		{9DCDD61B-AD7C-4BA0-BA1B-BCF342C7C951}.Debug|Any CPU.Build.0 = Debug|Any CPU
		{9DCDD61B-AD7C-4BA0-BA1B-BCF342C7C951}.Release|Any CPU.ActiveCfg = Release|Any CPU
		{9DCDD61B-AD7C-4BA0-BA1B-BCF342C7C951}.Release|Any CPU.Build.0 = Release|Any CPU
		{CE6E562F-87E8-44CB-AB3A-A1A726522433}.Debug|Any CPU.ActiveCfg = Debug|Any CPU
		{CE6E562F-87E8-44CB-AB3A-A1A726522433}.Debug|Any CPU.Build.0 = Debug|Any CPU
		{CE6E562F-87E8-44CB-AB3A-A1A726522433}.Release|Any CPU.ActiveCfg = Release|Any CPU
		{CE6E562F-87E8-44CB-AB3A-A1A726522433}.Release|Any CPU.Build.0 = Release|Any CPU
		{EFEE13D3-975F-4031-BF97-23FACE015944}.Debug|Any CPU.ActiveCfg = Debug|Any CPU
		{EFEE13D3-975F-4031-BF97-23FACE015944}.Debug|Any CPU.Build.0 = Debug|Any CPU
		{EFEE13D3-975F-4031-BF97-23FACE015944}.Release|Any CPU.ActiveCfg = Release|Any CPU
		{EFEE13D3-975F-4031-BF97-23FACE015944}.Release|Any CPU.Build.0 = Release|Any CPU
		{F257C90D-8D79-462E-8348-05DF313F369D}.Debug|Any CPU.ActiveCfg = Debug|Any CPU
		{F257C90D-8D79-462E-8348-05DF313F369D}.Debug|Any CPU.Build.0 = Debug|Any CPU
		{F257C90D-8D79-462E-8348-05DF313F369D}.Release|Any CPU.ActiveCfg = Release|Any CPU
		{F257C90D-8D79-462E-8348-05DF313F369D}.Release|Any CPU.Build.0 = Release|Any CPU
		{98186A3A-006C-4E24-BF01-3507B6007EFB}.Debug|Any CPU.ActiveCfg = Debug|Any CPU
		{98186A3A-006C-4E24-BF01-3507B6007EFB}.Debug|Any CPU.Build.0 = Debug|Any CPU
		{98186A3A-006C-4E24-BF01-3507B6007EFB}.Release|Any CPU.ActiveCfg = Release|Any CPU
		{98186A3A-006C-4E24-BF01-3507B6007EFB}.Release|Any CPU.Build.0 = Release|Any CPU
		{24A5ECD1-0FC1-42D4-968A-2645F4F0A564}.Debug|Any CPU.ActiveCfg = Debug|Any CPU
		{24A5ECD1-0FC1-42D4-968A-2645F4F0A564}.Debug|Any CPU.Build.0 = Debug|Any CPU
		{24A5ECD1-0FC1-42D4-968A-2645F4F0A564}.Release|Any CPU.ActiveCfg = Release|Any CPU
		{24A5ECD1-0FC1-42D4-968A-2645F4F0A564}.Release|Any CPU.Build.0 = Release|Any CPU
		{15A14225-8FF1-4B9F-AE5B-2BCCC51BEB58}.Debug|Any CPU.ActiveCfg = Debug|Any CPU
		{15A14225-8FF1-4B9F-AE5B-2BCCC51BEB58}.Debug|Any CPU.Build.0 = Debug|Any CPU
		{15A14225-8FF1-4B9F-AE5B-2BCCC51BEB58}.Release|Any CPU.ActiveCfg = Release|Any CPU
		{15A14225-8FF1-4B9F-AE5B-2BCCC51BEB58}.Release|Any CPU.Build.0 = Release|Any CPU
		{1E8A3726-B863-4936-BF49-5D4C51C5A6A1}.Debug|Any CPU.ActiveCfg = Debug|Any CPU
		{1E8A3726-B863-4936-BF49-5D4C51C5A6A1}.Debug|Any CPU.Build.0 = Debug|Any CPU
		{1E8A3726-B863-4936-BF49-5D4C51C5A6A1}.Release|Any CPU.ActiveCfg = Release|Any CPU
		{1E8A3726-B863-4936-BF49-5D4C51C5A6A1}.Release|Any CPU.Build.0 = Release|Any CPU
		{CCC3F34A-AB5F-4908-87E1-557324D7F53C}.Debug|Any CPU.ActiveCfg = Debug|Any CPU
		{CCC3F34A-AB5F-4908-87E1-557324D7F53C}.Debug|Any CPU.Build.0 = Debug|Any CPU
		{CCC3F34A-AB5F-4908-87E1-557324D7F53C}.Release|Any CPU.ActiveCfg = Release|Any CPU
		{CCC3F34A-AB5F-4908-87E1-557324D7F53C}.Release|Any CPU.Build.0 = Release|Any CPU
		{E95AE618-404D-46AC-A1FA-CB0EB8DF3501}.Debug|Any CPU.ActiveCfg = Debug|Any CPU
		{E95AE618-404D-46AC-A1FA-CB0EB8DF3501}.Debug|Any CPU.Build.0 = Debug|Any CPU
		{E95AE618-404D-46AC-A1FA-CB0EB8DF3501}.Release|Any CPU.ActiveCfg = Release|Any CPU
		{E95AE618-404D-46AC-A1FA-CB0EB8DF3501}.Release|Any CPU.Build.0 = Release|Any CPU
		{647924EA-8430-4DA2-B7E2-DBDDABFB0E0A}.Debug|Any CPU.ActiveCfg = Debug|Any CPU
		{647924EA-8430-4DA2-B7E2-DBDDABFB0E0A}.Debug|Any CPU.Build.0 = Debug|Any CPU
		{647924EA-8430-4DA2-B7E2-DBDDABFB0E0A}.Release|Any CPU.ActiveCfg = Release|Any CPU
		{647924EA-8430-4DA2-B7E2-DBDDABFB0E0A}.Release|Any CPU.Build.0 = Release|Any CPU
		{5DDE8033-D877-4A2D-9C64-80FF85E8FF10}.Debug|Any CPU.ActiveCfg = Debug|Any CPU
		{5DDE8033-D877-4A2D-9C64-80FF85E8FF10}.Debug|Any CPU.Build.0 = Debug|Any CPU
		{5DDE8033-D877-4A2D-9C64-80FF85E8FF10}.Release|Any CPU.ActiveCfg = Release|Any CPU
		{5DDE8033-D877-4A2D-9C64-80FF85E8FF10}.Release|Any CPU.Build.0 = Release|Any CPU
	EndGlobalSection
	GlobalSection(SolutionProperties) = preSolution
		HideSolutionNode = FALSE
	EndGlobalSection
	GlobalSection(ExtensibilityGlobals) = postSolution
		SolutionGuid = {45D96464-345B-4B6D-A14F-5487FD1D8319}
	EndGlobalSection
EndGlobal
